// !$*UTF8*$!
{
	archiveVersion = 1;
	classes = {
	};
	objectVersion = 46;
	objects = {

/* Begin PBXBuildFile section */
		0D2BFE771B4235580042C0E5 /* Multiset.cpp in Sources */ = {isa = PBXBuildFile; fileRef = 0D2BFE751B4235580042C0E5 /* Multiset.cpp */; };
		0D2BFE791B434E680042C0E5 /* testMultiset.cpp in Sources */ = {isa = PBXBuildFile; fileRef = 0D2BFE781B434E680042C0E5 /* testMultiset.cpp */; };
		0D2BFE7C1B4356800042C0E5 /* StudentMultiset.cpp in Sources */ = {isa = PBXBuildFile; fileRef = 0D2BFE7A1B4356800042C0E5 /* StudentMultiset.cpp */; };
		0D4FEB861B435DC100A539B2 /* testStudentMultiset.cpp in Sources */ = {isa = PBXBuildFile; fileRef = 0D4FEB851B435DC100A539B2 /* testStudentMultiset.cpp */; };
		0D4FEB891B435E4F00A539B2 /* newMultiset.cpp in Sources */ = {isa = PBXBuildFile; fileRef = 0D4FEB871B435E4F00A539B2 /* newMultiset.cpp */; };
		0D4FEB8B1B436A1700A539B2 /* testnewMultiset.cpp in Sources */ = {isa = PBXBuildFile; fileRef = 0D4FEB8A1B436A1700A539B2 /* testnewMultiset.cpp */; };
/* End PBXBuildFile section */

/* Begin PBXCopyFilesBuildPhase section */
		0D2BFE691B4235430042C0E5 /* CopyFiles */ = {
			isa = PBXCopyFilesBuildPhase;
			buildActionMask = 2147483647;
			dstPath = /usr/share/man/man1/;
			dstSubfolderSpec = 0;
			files = (
			);
			runOnlyForDeploymentPostprocessing = 1;
		};
/* End PBXCopyFilesBuildPhase section */

/* Begin PBXFileReference section */
		0D2BFE6B1B4235430042C0E5 /* Hw1 */ = {isa = PBXFileReference; explicitFileType = "compiled.mach-o.executable"; includeInIndex = 0; path = Hw1; sourceTree = BUILT_PRODUCTS_DIR; };
		0D2BFE751B4235580042C0E5 /* Multiset.cpp */ = {isa = PBXFileReference; fileEncoding = 4; lastKnownFileType = sourcecode.cpp.cpp; path = Multiset.cpp; sourceTree = "<group>"; };
		0D2BFE761B4235580042C0E5 /* Multiset.h */ = {isa = PBXFileReference; fileEncoding = 4; lastKnownFileType = sourcecode.c.h; path = Multiset.h; sourceTree = "<group>"; };
		0D2BFE781B434E680042C0E5 /* testMultiset.cpp */ = {isa = PBXFileReference; fileEncoding = 4; lastKnownFileType = sourcecode.cpp.cpp; path = testMultiset.cpp; sourceTree = "<group>"; };
		0D2BFE7A1B4356800042C0E5 /* StudentMultiset.cpp */ = {isa = PBXFileReference; fileEncoding = 4; lastKnownFileType = sourcecode.cpp.cpp; path = StudentMultiset.cpp; sourceTree = "<group>"; };
		0D2BFE7B1B4356800042C0E5 /* StudentMultiset.h */ = {isa = PBXFileReference; fileEncoding = 4; lastKnownFileType = sourcecode.c.h; path = StudentMultiset.h; sourceTree = "<group>"; };
		0D4FEB851B435DC100A539B2 /* testStudentMultiset.cpp */ = {isa = PBXFileReference; fileEncoding = 4; lastKnownFileType = sourcecode.cpp.cpp; path = testStudentMultiset.cpp; sourceTree = "<group>"; };
		0D4FEB871B435E4F00A539B2 /* newMultiset.cpp */ = {isa = PBXFileReference; fileEncoding = 4; lastKnownFileType = sourcecode.cpp.cpp; path = newMultiset.cpp; sourceTree = "<group>"; };
		0D4FEB881B435E4F00A539B2 /* newMultiset.h */ = {isa = PBXFileReference; fileEncoding = 4; lastKnownFileType = sourcecode.c.h; path = newMultiset.h; sourceTree = "<group>"; };
		0D4FEB8A1B436A1700A539B2 /* testnewMultiset.cpp */ = {isa = PBXFileReference; fileEncoding = 4; lastKnownFileType = sourcecode.cpp.cpp; path = testnewMultiset.cpp; sourceTree = "<group>"; };
/* End PBXFileReference section */

/* Begin PBXFrameworksBuildPhase section */
		0D2BFE681B4235430042C0E5 /* Frameworks */ = {
			isa = PBXFrameworksBuildPhase;
			buildActionMask = 2147483647;
			files = (
			);
			runOnlyForDeploymentPostprocessing = 0;
		};
/* End PBXFrameworksBuildPhase section */

/* Begin PBXGroup section */
		0D2BFE621B4235430042C0E5 = {
			isa = PBXGroup;
			children = (
				0D2BFE6D1B4235430042C0E5 /* Hw1 */,
				0D2BFE6C1B4235430042C0E5 /* Products */,
			);
			sourceTree = "<group>";
		};
		0D2BFE6C1B4235430042C0E5 /* Products */ = {
			isa = PBXGroup;
			children = (
				0D2BFE6B1B4235430042C0E5 /* Hw1 */,
			);
			name = Products;
			sourceTree = "<group>";
		};
		0D2BFE6D1B4235430042C0E5 /* Hw1 */ = {
			isa = PBXGroup;
			children = (
				0D2BFE751B4235580042C0E5 /* Multiset.cpp */,
				0D2BFE761B4235580042C0E5 /* Multiset.h */,
				0D2BFE781B434E680042C0E5 /* testMultiset.cpp */,
				0D2BFE7A1B4356800042C0E5 /* StudentMultiset.cpp */,
				0D2BFE7B1B4356800042C0E5 /* StudentMultiset.h */,
				0D4FEB851B435DC100A539B2 /* testStudentMultiset.cpp */,
				0D4FEB871B435E4F00A539B2 /* newMultiset.cpp */,
				0D4FEB881B435E4F00A539B2 /* newMultiset.h */,
				0D4FEB8A1B436A1700A539B2 /* testnewMultiset.cpp */,
			);
			path = Hw1;
			sourceTree = "<group>";
		};
/* End PBXGroup section */

/* Begin PBXNativeTarget section */
		0D2BFE6A1B4235430042C0E5 /* Hw1 */ = {
			isa = PBXNativeTarget;
			buildConfigurationList = 0D2BFE721B4235430042C0E5 /* Build configuration list for PBXNativeTarget "Hw1" */;
			buildPhases = (
				0D2BFE671B4235430042C0E5 /* Sources */,
				0D2BFE681B4235430042C0E5 /* Frameworks */,
				0D2BFE691B4235430042C0E5 /* CopyFiles */,
			);
			buildRules = (
			);
			dependencies = (
			);
			name = Hw1;
			productName = Hw1;
			productReference = 0D2BFE6B1B4235430042C0E5 /* Hw1 */;
			productType = "com.apple.product-type.tool";
		};
/* End PBXNativeTarget section */

/* Begin PBXProject section */
		0D2BFE631B4235430042C0E5 /* Project object */ = {
			isa = PBXProject;
			attributes = {
				LastUpgradeCheck = 0630;
				ORGANIZATIONNAME = "Nilesh Gupta";
				TargetAttributes = {
					0D2BFE6A1B4235430042C0E5 = {
						CreatedOnToolsVersion = 6.3.2;
					};
				};
			};
			buildConfigurationList = 0D2BFE661B4235430042C0E5 /* Build configuration list for PBXProject "Hw1" */;
			compatibilityVersion = "Xcode 3.2";
			developmentRegion = English;
			hasScannedForEncodings = 0;
			knownRegions = (
				en,
			);
			mainGroup = 0D2BFE621B4235430042C0E5;
			productRefGroup = 0D2BFE6C1B4235430042C0E5 /* Products */;
			projectDirPath = "";
			projectRoot = "";
			targets = (
				0D2BFE6A1B4235430042C0E5 /* Hw1 */,
			);
		};
/* End PBXProject section */

/* Begin PBXSourcesBuildPhase section */
		0D2BFE671B4235430042C0E5 /* Sources */ = {
			isa = PBXSourcesBuildPhase;
			buildActionMask = 2147483647;
			files = (
				0D2BFE771B4235580042C0E5 /* Multiset.cpp in Sources */,
				0D2BFE791B434E680042C0E5 /* testMultiset.cpp in Sources */,
				0D4FEB861B435DC100A539B2 /* testStudentMultiset.cpp in Sources */,
				0D4FEB8B1B436A1700A539B2 /* testnewMultiset.cpp in Sources */,
				0D2BFE7C1B4356800042C0E5 /* StudentMultiset.cpp in Sources */,
				0D4FEB891B435E4F00A539B2 /* newMultiset.cpp in Sources */,
			);
			runOnlyForDeploymentPostprocessing = 0;
		};
/* End PBXSourcesBuildPhase section */

/* Begin XCBuildConfiguration section */
		0D2BFE701B4235430042C0E5 /* Debug */ = {
			isa = XCBuildConfiguration;
			buildSettings = {
				ALWAYS_SEARCH_USER_PATHS = NO;
				CLANG_CXX_LANGUAGE_STANDARD = "gnu++0x";
				CLANG_CXX_LIBRARY = "libc++";
				CLANG_ENABLE_MODULES = YES;
				CLANG_ENABLE_OBJC_ARC = YES;
				CLANG_WARN_BOOL_CONVERSION = YES;
				CLANG_WARN_CONSTANT_CONVERSION = YES;
				CLANG_WARN_DIRECT_OBJC_ISA_USAGE = YES_ERROR;
				CLANG_WARN_EMPTY_BODY = YES;
				CLANG_WARN_ENUM_CONVERSION = YES;
				CLANG_WARN_INT_CONVERSION = YES;
				CLANG_WARN_OBJC_ROOT_CLASS = YES_ERROR;
				CLANG_WARN_UNREACHABLE_CODE = YES;
				CLANG_WARN__DUPLICATE_METHOD_MATCH = YES;
				COPY_PHASE_STRIP = NO;
				DEBUG_INFORMATION_FORMAT = dwarf;
				ENABLE_STRICT_OBJC_MSGSEND = YES;
				GCC_C_LANGUAGE_STANDARD = gnu99;
				GCC_DYNAMIC_NO_PIC = NO;
				GCC_NO_COMMON_BLOCKS = YES;
				GCC_OPTIMIZATION_LEVEL = 0;
				GCC_PREPROCESSOR_DEFINITIONS = (
					"DEBUG=1",
					"$(inherited)",
				);
				GCC_SYMBOLS_PRIVATE_EXTERN = NO;
				GCC_WARN_64_TO_32_BIT_CONVERSION = YES;
				GCC_WARN_ABOUT_RETURN_TYPE = YES_ERROR;
				GCC_WARN_UNDECLARED_SELECTOR = YES;
				GCC_WARN_UNINITIALIZED_AUTOS = YES_AGGRESSIVE;
				GCC_WARN_UNUSED_FUNCTION = YES;
				GCC_WARN_UNUSED_VARIABLE = YES;
				MACOSX_DEPLOYMENT_TARGET = 10.10;
				MTL_ENABLE_DEBUG_INFO = YES;
				ONLY_ACTIVE_ARCH = YES;
				SDKROOT = macosx;
			};
			name = Debug;
		};
		0D2BFE711B4235430042C0E5 /* Release */ = {
			isa = XCBuildConfiguration;
			buildSettings = {
				ALWAYS_SEARCH_USER_PATHS = NO;
				CLANG_CXX_LANGUAGE_STANDARD = "gnu++0x";
				CLANG_CXX_LIBRARY = "libc++";
				CLANG_ENABLE_MODULES = YES;
				CLANG_ENABLE_OBJC_ARC = YES;
				CLANG_WARN_BOOL_CONVERSION = YES;
				CLANG_WARN_CONSTANT_CONVERSION = YES;
				CLANG_WARN_DIRECT_OBJC_ISA_USAGE = YES_ERROR;
				CLANG_WARN_EMPTY_BODY = YES;
				CLANG_WARN_ENUM_CONVERSION = YES;
				CLANG_WARN_INT_CONVERSION = YES;
				CLANG_WARN_OBJC_ROOT_CLASS = YES_ERROR;
				CLANG_WARN_UNREACHABLE_CODE = YES;
				CLANG_WARN__DUPLICATE_METHOD_MATCH = YES;
				COPY_PHASE_STRIP = NO;
				DEBUG_INFORMATION_FORMAT = "dwarf-with-dsym";
				ENABLE_NS_ASSERTIONS = NO;
				ENABLE_STRICT_OBJC_MSGSEND = YES;
				GCC_C_LANGUAGE_STANDARD = gnu99;
				GCC_NO_COMMON_BLOCKS = YES;
				GCC_WARN_64_TO_32_BIT_CONVERSION = YES;
				GCC_WARN_ABOUT_RETURN_TYPE = YES_ERROR;
				GCC_WARN_UNDECLARED_SELECTOR = YES;
				GCC_WARN_UNINITIALIZED_AUTOS = YES_AGGRESSIVE;
				GCC_WARN_UNUSED_FUNCTION = YES;
				GCC_WARN_UNUSED_VARIABLE = YES;
				MACOSX_DEPLOYMENT_TARGET = 10.10;
				MTL_ENABLE_DEBUG_INFO = NO;
				SDKROOT = macosx;
			};
			name = Release;
		};
		0D2BFE731B4235430042C0E5 /* Debug */ = {
			isa = XCBuildConfiguration;
			buildSettings = {
				PRODUCT_NAME = "$(TARGET_NAME)";
			};
			name = Debug;
		};
		0D2BFE741B4235430042C0E5 /* Release */ = {
			isa = XCBuildConfiguration;
			buildSettings = {
				PRODUCT_NAME = "$(TARGET_NAME)";
			};
			name = Release;
		};
/* End XCBuildConfiguration section */

/* Begin XCConfigurationList section */
		0D2BFE661B4235430042C0E5 /* Build configuration list for PBXProject "Hw1" */ = {
			isa = XCConfigurationList;
			buildConfigurations = (
				0D2BFE701B4235430042C0E5 /* Debug */,
				0D2BFE711B4235430042C0E5 /* Release */,
			);
			defaultConfigurationIsVisible = 0;
			defaultConfigurationName = Release;
		};
		0D2BFE721B4235430042C0E5 /* Build configuration list for PBXNativeTarget "Hw1" */ = {
			isa = XCConfigurationList;
			buildConfigurations = (
				0D2BFE731B4235430042C0E5 /* Debug */,
				0D2BFE741B4235430042C0E5 /* Release */,
			);
			defaultConfigurationIsVisible = 0;
			defaultConfigurationName = Release;
		};
/* End XCConfigurationList section */
	};
	rootObject = 0D2BFE631B4235430042C0E5 /* Project object */;
}
