// !$*UTF8*$!
{
	archiveVersion = 1;
	classes = {
	};
	objectVersion = 46;
	objects = {

/* Begin PBXBuildFile section */
		0DF4E60C1B3F4B8C00DB274B /* main.cpp in Sources */ = {isa = PBXBuildFile; fileRef = 0DF4E60B1B3F4B8C00DB274B /* main.cpp */; };
		0DF4E6261B3F65B700DB274B /* Snake.cpp in Sources */ = {isa = PBXBuildFile; fileRef = 0DF4E6241B3F65B700DB274B /* Snake.cpp */; };
		0DF4E6291B3F664300DB274B /* Player.cpp in Sources */ = {isa = PBXBuildFile; fileRef = 0DF4E6271B3F664300DB274B /* Player.cpp */; };
		0DF4E62C1B3F694E00DB274B /* Pit.cpp in Sources */ = {isa = PBXBuildFile; fileRef = 0DF4E62A1B3F694E00DB274B /* Pit.cpp */; };
		0DF4E62F1B3F6A7300DB274B /* Game.cpp in Sources */ = {isa = PBXBuildFile; fileRef = 0DF4E62D1B3F6A7300DB274B /* Game.cpp */; };
		0DF4E6321B3F6B1100DB274B /* utilities.cpp in Sources */ = {isa = PBXBuildFile; fileRef = 0DF4E6311B3F6B1100DB274B /* utilities.cpp */; };
		0DF4E6351B3F755700DB274B /* History.cpp in Sources */ = {isa = PBXBuildFile; fileRef = 0DF4E6331B3F755700DB274B /* History.cpp */; };
/* End PBXBuildFile section */

/* Begin PBXCopyFilesBuildPhase section */
		0DF4E6061B3F4B8C00DB274B /* CopyFiles */ = {
			isa = PBXCopyFilesBuildPhase;
			buildActionMask = 2147483647;
			dstPath = /usr/share/man/man1/;
			dstSubfolderSpec = 0;
			files = (
			);
			runOnlyForDeploymentPostprocessing = 1;
		};
/* End PBXCopyFilesBuildPhase section */

/* Begin PBXFileReference section */
		0DF4E6081B3F4B8C00DB274B /* Project1 */ = {isa = PBXFileReference; explicitFileType = "compiled.mach-o.executable"; includeInIndex = 0; path = Project1; sourceTree = BUILT_PRODUCTS_DIR; };
		0DF4E60B1B3F4B8C00DB274B /* main.cpp */ = {isa = PBXFileReference; lastKnownFileType = sourcecode.cpp.cpp; path = main.cpp; sourceTree = "<group>"; };
		0DF4E6241B3F65B700DB274B /* Snake.cpp */ = {isa = PBXFileReference; fileEncoding = 4; lastKnownFileType = sourcecode.cpp.cpp; path = Snake.cpp; sourceTree = "<group>"; };
		0DF4E6251B3F65B700DB274B /* Snake.h */ = {isa = PBXFileReference; fileEncoding = 4; lastKnownFileType = sourcecode.c.h; path = Snake.h; sourceTree = "<group>"; };
		0DF4E6271B3F664300DB274B /* Player.cpp */ = {isa = PBXFileReference; fileEncoding = 4; lastKnownFileType = sourcecode.cpp.cpp; path = Player.cpp; sourceTree = "<group>"; };
		0DF4E6281B3F664300DB274B /* Player.h */ = {isa = PBXFileReference; fileEncoding = 4; lastKnownFileType = sourcecode.c.h; path = Player.h; sourceTree = "<group>"; };
		0DF4E62A1B3F694E00DB274B /* Pit.cpp */ = {isa = PBXFileReference; fileEncoding = 4; lastKnownFileType = sourcecode.cpp.cpp; path = Pit.cpp; sourceTree = "<group>"; };
		0DF4E62B1B3F694E00DB274B /* Pit.h */ = {isa = PBXFileReference; fileEncoding = 4; lastKnownFileType = sourcecode.c.h; path = Pit.h; sourceTree = "<group>"; };
		0DF4E62D1B3F6A7300DB274B /* Game.cpp */ = {isa = PBXFileReference; fileEncoding = 4; lastKnownFileType = sourcecode.cpp.cpp; path = Game.cpp; sourceTree = "<group>"; };
		0DF4E62E1B3F6A7300DB274B /* Game.h */ = {isa = PBXFileReference; fileEncoding = 4; lastKnownFileType = sourcecode.c.h; path = Game.h; sourceTree = "<group>"; };
		0DF4E6301B3F6AD500DB274B /* globals.h */ = {isa = PBXFileReference; fileEncoding = 4; lastKnownFileType = sourcecode.c.h; path = globals.h; sourceTree = "<group>"; };
		0DF4E6311B3F6B1100DB274B /* utilities.cpp */ = {isa = PBXFileReference; fileEncoding = 4; lastKnownFileType = sourcecode.cpp.cpp; path = utilities.cpp; sourceTree = "<group>"; };
		0DF4E6331B3F755700DB274B /* History.cpp */ = {isa = PBXFileReference; fileEncoding = 4; lastKnownFileType = sourcecode.cpp.cpp; path = History.cpp; sourceTree = "<group>"; };
		0DF4E6341B3F755700DB274B /* History.h */ = {isa = PBXFileReference; fileEncoding = 4; lastKnownFileType = sourcecode.c.h; path = History.h; sourceTree = "<group>"; };
/* End PBXFileReference section */

/* Begin PBXFrameworksBuildPhase section */
		0DF4E6051B3F4B8C00DB274B /* Frameworks */ = {
			isa = PBXFrameworksBuildPhase;
			buildActionMask = 2147483647;
			files = (
			);
			runOnlyForDeploymentPostprocessing = 0;
		};
/* End PBXFrameworksBuildPhase section */

/* Begin PBXGroup section */
		0DF4E5FF1B3F4B8C00DB274B = {
			isa = PBXGroup;
			children = (
				0DF4E60A1B3F4B8C00DB274B /* Project1 */,
				0DF4E6091B3F4B8C00DB274B /* Products */,
			);
			sourceTree = "<group>";
		};
		0DF4E6091B3F4B8C00DB274B /* Products */ = {
			isa = PBXGroup;
			children = (
				0DF4E6081B3F4B8C00DB274B /* Project1 */,
			);
			name = Products;
			sourceTree = "<group>";
		};
		0DF4E60A1B3F4B8C00DB274B /* Project1 */ = {
			isa = PBXGroup;
			children = (
				0DF4E60B1B3F4B8C00DB274B /* main.cpp */,
				0DF4E62D1B3F6A7300DB274B /* Game.cpp */,
				0DF4E62E1B3F6A7300DB274B /* Game.h */,
				0DF4E6241B3F65B700DB274B /* Snake.cpp */,
				0DF4E6251B3F65B700DB274B /* Snake.h */,
				0DF4E6271B3F664300DB274B /* Player.cpp */,
				0DF4E6281B3F664300DB274B /* Player.h */,
				0DF4E62A1B3F694E00DB274B /* Pit.cpp */,
				0DF4E62B1B3F694E00DB274B /* Pit.h */,
				0DF4E6301B3F6AD500DB274B /* globals.h */,
				0DF4E6311B3F6B1100DB274B /* utilities.cpp */,
				0DF4E6331B3F755700DB274B /* History.cpp */,
				0DF4E6341B3F755700DB274B /* History.h */,
			);
			path = Project1;
			sourceTree = "<group>";
		};
/* End PBXGroup section */

/* Begin PBXNativeTarget section */
		0DF4E6071B3F4B8C00DB274B /* Project1 */ = {
			isa = PBXNativeTarget;
			buildConfigurationList = 0DF4E60F1B3F4B8C00DB274B /* Build configuration list for PBXNativeTarget "Project1" */;
			buildPhases = (
				0DF4E6041B3F4B8C00DB274B /* Sources */,
				0DF4E6051B3F4B8C00DB274B /* Frameworks */,
				0DF4E6061B3F4B8C00DB274B /* CopyFiles */,
			);
			buildRules = (
			);
			dependencies = (
			);
			name = Project1;
			productName = Project1;
			productReference = 0DF4E6081B3F4B8C00DB274B /* Project1 */;
			productType = "com.apple.product-type.tool";
		};
/* End PBXNativeTarget section */

/* Begin PBXProject section */
		0DF4E6001B3F4B8C00DB274B /* Project object */ = {
			isa = PBXProject;
			attributes = {
				LastUpgradeCheck = 0700;
				ORGANIZATIONNAME = "Nilesh Gupta";
				TargetAttributes = {
					0DF4E6071B3F4B8C00DB274B = {
						CreatedOnToolsVersion = 6.3.2;
					};
				};
			};
			buildConfigurationList = 0DF4E6031B3F4B8C00DB274B /* Build configuration list for PBXProject "Project1" */;
			compatibilityVersion = "Xcode 3.2";
			developmentRegion = English;
			hasScannedForEncodings = 0;
			knownRegions = (
				en,
			);
			mainGroup = 0DF4E5FF1B3F4B8C00DB274B;
			productRefGroup = 0DF4E6091B3F4B8C00DB274B /* Products */;
			projectDirPath = "";
			projectRoot = "";
			targets = (
				0DF4E6071B3F4B8C00DB274B /* Project1 */,
			);
		};
/* End PBXProject section */

/* Begin PBXSourcesBuildPhase section */
		0DF4E6041B3F4B8C00DB274B /* Sources */ = {
			isa = PBXSourcesBuildPhase;
			buildActionMask = 2147483647;
			files = (
				0DF4E6321B3F6B1100DB274B /* utilities.cpp in Sources */,
				0DF4E6261B3F65B700DB274B /* Snake.cpp in Sources */,
				0DF4E62C1B3F694E00DB274B /* Pit.cpp in Sources */,
				0DF4E60C1B3F4B8C00DB274B /* main.cpp in Sources */,
				0DF4E6291B3F664300DB274B /* Player.cpp in Sources */,
				0DF4E62F1B3F6A7300DB274B /* Game.cpp in Sources */,
				0DF4E6351B3F755700DB274B /* History.cpp in Sources */,
			);
			runOnlyForDeploymentPostprocessing = 0;
		};
/* End PBXSourcesBuildPhase section */

/* Begin XCBuildConfiguration section */
		0DF4E60D1B3F4B8C00DB274B /* Debug */ = {
			isa = XCBuildConfiguration;
			buildSettings = {
				ALWAYS_SEARCH_USER_PATHS = NO;
				CLANG_CXX_LANGUAGE_STANDARD = "gnu++0x";
				CLANG_CXX_LIBRARY = "libc++";
				CLANG_ENABLE_MODULES = YES;
				CLANG_ENABLE_OBJC_ARC = YES;
				CLANG_WARN_BOOL_CONVERSION = YES;
				CLANG_WARN_CONSTANT_CONVERSION = YES;
				CLANG_WARN_DIRECT_OBJC_ISA_USAGE = YES_ERROR;
				CLANG_WARN_EMPTY_BODY = YES;
				CLANG_WARN_ENUM_CONVERSION = YES;
				CLANG_WARN_INT_CONVERSION = YES;
				CLANG_WARN_OBJC_ROOT_CLASS = YES_ERROR;
				CLANG_WARN_UNREACHABLE_CODE = YES;
				CLANG_WARN__DUPLICATE_METHOD_MATCH = YES;
				COPY_PHASE_STRIP = NO;
				DEBUG_INFORMATION_FORMAT = dwarf;
				ENABLE_STRICT_OBJC_MSGSEND = YES;
				ENABLE_TESTABILITY = YES;
				GCC_C_LANGUAGE_STANDARD = gnu99;
				GCC_DYNAMIC_NO_PIC = NO;
				GCC_NO_COMMON_BLOCKS = YES;
				GCC_OPTIMIZATION_LEVEL = 0;
				GCC_PREPROCESSOR_DEFINITIONS = (
					"DEBUG=1",
					"$(inherited)",
				);
				GCC_SYMBOLS_PRIVATE_EXTERN = NO;
				GCC_WARN_64_TO_32_BIT_CONVERSION = YES;
				GCC_WARN_ABOUT_RETURN_TYPE = YES_ERROR;
				GCC_WARN_UNDECLARED_SELECTOR = YES;
				GCC_WARN_UNINITIALIZED_AUTOS = YES_AGGRESSIVE;
				GCC_WARN_UNUSED_FUNCTION = YES;
				GCC_WARN_UNUSED_VARIABLE = YES;
				MACOSX_DEPLOYMENT_TARGET = 10.10;
				MTL_ENABLE_DEBUG_INFO = YES;
				ONLY_ACTIVE_ARCH = YES;
				SDKROOT = macosx;
			};
			name = Debug;
		};
		0DF4E60E1B3F4B8C00DB274B /* Release */ = {
			isa = XCBuildConfiguration;
			buildSettings = {
				ALWAYS_SEARCH_USER_PATHS = NO;
				CLANG_CXX_LANGUAGE_STANDARD = "gnu++0x";
				CLANG_CXX_LIBRARY = "libc++";
				CLANG_ENABLE_MODULES = YES;
				CLANG_ENABLE_OBJC_ARC = YES;
				CLANG_WARN_BOOL_CONVERSION = YES;
				CLANG_WARN_CONSTANT_CONVERSION = YES;
				CLANG_WARN_DIRECT_OBJC_ISA_USAGE = YES_ERROR;
				CLANG_WARN_EMPTY_BODY = YES;
				CLANG_WARN_ENUM_CONVERSION = YES;
				CLANG_WARN_INT_CONVERSION = YES;
				CLANG_WARN_OBJC_ROOT_CLASS = YES_ERROR;
				CLANG_WARN_UNREACHABLE_CODE = YES;
				CLANG_WARN__DUPLICATE_METHOD_MATCH = YES;
				COPY_PHASE_STRIP = NO;
				DEBUG_INFORMATION_FORMAT = "dwarf-with-dsym";
				ENABLE_NS_ASSERTIONS = NO;
				ENABLE_STRICT_OBJC_MSGSEND = YES;
				GCC_C_LANGUAGE_STANDARD = gnu99;
				GCC_NO_COMMON_BLOCKS = YES;
				GCC_WARN_64_TO_32_BIT_CONVERSION = YES;
				GCC_WARN_ABOUT_RETURN_TYPE = YES_ERROR;
				GCC_WARN_UNDECLARED_SELECTOR = YES;
				GCC_WARN_UNINITIALIZED_AUTOS = YES_AGGRESSIVE;
				GCC_WARN_UNUSED_FUNCTION = YES;
				GCC_WARN_UNUSED_VARIABLE = YES;
				MACOSX_DEPLOYMENT_TARGET = 10.10;
				MTL_ENABLE_DEBUG_INFO = NO;
				SDKROOT = macosx;
			};
			name = Release;
		};
		0DF4E6101B3F4B8C00DB274B /* Debug */ = {
			isa = XCBuildConfiguration;
			buildSettings = {
				PRODUCT_NAME = "$(TARGET_NAME)";
			};
			name = Debug;
		};
		0DF4E6111B3F4B8C00DB274B /* Release */ = {
			isa = XCBuildConfiguration;
			buildSettings = {
				PRODUCT_NAME = "$(TARGET_NAME)";
			};
			name = Release;
		};
/* End XCBuildConfiguration section */

/* Begin XCConfigurationList section */
		0DF4E6031B3F4B8C00DB274B /* Build configuration list for PBXProject "Project1" */ = {
			isa = XCConfigurationList;
			buildConfigurations = (
				0DF4E60D1B3F4B8C00DB274B /* Debug */,
				0DF4E60E1B3F4B8C00DB274B /* Release */,
			);
			defaultConfigurationIsVisible = 0;
			defaultConfigurationName = Release;
		};
		0DF4E60F1B3F4B8C00DB274B /* Build configuration list for PBXNativeTarget "Project1" */ = {
			isa = XCConfigurationList;
			buildConfigurations = (
				0DF4E6101B3F4B8C00DB274B /* Debug */,
				0DF4E6111B3F4B8C00DB274B /* Release */,
			);
			defaultConfigurationIsVisible = 0;
			defaultConfigurationName = Release;
		};
/* End XCConfigurationList section */
	};
	rootObject = 0DF4E6001B3F4B8C00DB274B /* Project object */;
}
