// !$*UTF8*$!
{
	archiveVersion = 1;
	classes = {
	};
	objectVersion = 46;
	objects = {

/* Begin PBXBuildFile section */
		0D23ADF21B704C22009BF1C0 /* main.cpp in Sources */ = {isa = PBXBuildFile; fileRef = 0D23ADF11B704C22009BF1C0 /* main.cpp */; };
		0D23ADFA1B715866009BF1C0 /* list.cpp in Sources */ = {isa = PBXBuildFile; fileRef = 0D23ADF91B715866009BF1C0 /* list.cpp */; };
		0D23ADFC1B71A938009BF1C0 /* merge.cpp in Sources */ = {isa = PBXBuildFile; fileRef = 0D23ADFB1B71A938009BF1C0 /* merge.cpp */; };
/* End PBXBuildFile section */

/* Begin PBXCopyFilesBuildPhase section */
		0D23ADEC1B704C22009BF1C0 /* CopyFiles */ = {
			isa = PBXCopyFilesBuildPhase;
			buildActionMask = 2147483647;
			dstPath = /usr/share/man/man1/;
			dstSubfolderSpec = 0;
			files = (
			);
			runOnlyForDeploymentPostprocessing = 1;
		};
/* End PBXCopyFilesBuildPhase section */

/* Begin PBXFileReference section */
		0D23ADEE1B704C22009BF1C0 /* Hw4 */ = {isa = PBXFileReference; explicitFileType = "compiled.mach-o.executable"; includeInIndex = 0; path = Hw4; sourceTree = BUILT_PRODUCTS_DIR; };
		0D23ADF11B704C22009BF1C0 /* main.cpp */ = {isa = PBXFileReference; lastKnownFileType = sourcecode.cpp.cpp; path = main.cpp; sourceTree = "<group>"; };
		0D23ADF81B704C49009BF1C0 /* Multiset.h */ = {isa = PBXFileReference; fileEncoding = 4; lastKnownFileType = sourcecode.c.h; path = Multiset.h; sourceTree = "<group>"; };
		0D23ADF91B715866009BF1C0 /* list.cpp */ = {isa = PBXFileReference; fileEncoding = 4; lastKnownFileType = sourcecode.cpp.cpp; path = list.cpp; sourceTree = "<group>"; };
		0D23ADFB1B71A938009BF1C0 /* merge.cpp */ = {isa = PBXFileReference; fileEncoding = 4; lastKnownFileType = sourcecode.cpp.cpp; path = merge.cpp; sourceTree = "<group>"; };
/* End PBXFileReference section */

/* Begin PBXFrameworksBuildPhase section */
		0D23ADEB1B704C22009BF1C0 /* Frameworks */ = {
			isa = PBXFrameworksBuildPhase;
			buildActionMask = 2147483647;
			files = (
			);
			runOnlyForDeploymentPostprocessing = 0;
		};
/* End PBXFrameworksBuildPhase section */

/* Begin PBXGroup section */
		0D23ADE51B704C22009BF1C0 = {
			isa = PBXGroup;
			children = (
				0D23ADF01B704C22009BF1C0 /* Hw4 */,
				0D23ADEF1B704C22009BF1C0 /* Products */,
			);
			sourceTree = "<group>";
		};
		0D23ADEF1B704C22009BF1C0 /* Products */ = {
			isa = PBXGroup;
			children = (
				0D23ADEE1B704C22009BF1C0 /* Hw4 */,
			);
			name = Products;
			sourceTree = "<group>";
		};
		0D23ADF01B704C22009BF1C0 /* Hw4 */ = {
			isa = PBXGroup;
			children = (
				0D23ADF11B704C22009BF1C0 /* main.cpp */,
				0D23ADF81B704C49009BF1C0 /* Multiset.h */,
				0D23ADF91B715866009BF1C0 /* list.cpp */,
				0D23ADFB1B71A938009BF1C0 /* merge.cpp */,
			);
			path = Hw4;
			sourceTree = "<group>";
		};
/* End PBXGroup section */

/* Begin PBXNativeTarget section */
		0D23ADED1B704C22009BF1C0 /* Hw4 */ = {
			isa = PBXNativeTarget;
			buildConfigurationList = 0D23ADF51B704C22009BF1C0 /* Build configuration list for PBXNativeTarget "Hw4" */;
			buildPhases = (
				0D23ADEA1B704C22009BF1C0 /* Sources */,
				0D23ADEB1B704C22009BF1C0 /* Frameworks */,
				0D23ADEC1B704C22009BF1C0 /* CopyFiles */,
			);
			buildRules = (
			);
			dependencies = (
			);
			name = Hw4;
			productName = Hw4;
			productReference = 0D23ADEE1B704C22009BF1C0 /* Hw4 */;
			productType = "com.apple.product-type.tool";
		};
/* End PBXNativeTarget section */

/* Begin PBXProject section */
		0D23ADE61B704C22009BF1C0 /* Project object */ = {
			isa = PBXProject;
			attributes = {
				LastUpgradeCheck = 0640;
				ORGANIZATIONNAME = "Nilesh Gupta";
				TargetAttributes = {
					0D23ADED1B704C22009BF1C0 = {
						CreatedOnToolsVersion = 6.4;
					};
				};
			};
			buildConfigurationList = 0D23ADE91B704C22009BF1C0 /* Build configuration list for PBXProject "Hw4" */;
			compatibilityVersion = "Xcode 3.2";
			developmentRegion = English;
			hasScannedForEncodings = 0;
			knownRegions = (
				en,
			);
			mainGroup = 0D23ADE51B704C22009BF1C0;
			productRefGroup = 0D23ADEF1B704C22009BF1C0 /* Products */;
			projectDirPath = "";
			projectRoot = "";
			targets = (
				0D23ADED1B704C22009BF1C0 /* Hw4 */,
			);
		};
/* End PBXProject section */

/* Begin PBXSourcesBuildPhase section */
		0D23ADEA1B704C22009BF1C0 /* Sources */ = {
			isa = PBXSourcesBuildPhase;
			buildActionMask = 2147483647;
			files = (
				0D23ADFC1B71A938009BF1C0 /* merge.cpp in Sources */,
				0D23ADF21B704C22009BF1C0 /* main.cpp in Sources */,
				0D23ADFA1B715866009BF1C0 /* list.cpp in Sources */,
			);
			runOnlyForDeploymentPostprocessing = 0;
		};
/* End PBXSourcesBuildPhase section */

/* Begin XCBuildConfiguration section */
		0D23ADF31B704C22009BF1C0 /* Debug */ = {
			isa = XCBuildConfiguration;
			buildSettings = {
				ALWAYS_SEARCH_USER_PATHS = NO;
				CLANG_CXX_LANGUAGE_STANDARD = "gnu++0x";
				CLANG_CXX_LIBRARY = "libc++";
				CLANG_ENABLE_MODULES = YES;
				CLANG_ENABLE_OBJC_ARC = YES;
				CLANG_WARN_BOOL_CONVERSION = YES;
				CLANG_WARN_CONSTANT_CONVERSION = YES;
				CLANG_WARN_DIRECT_OBJC_ISA_USAGE = YES_ERROR;
				CLANG_WARN_EMPTY_BODY = YES;
				CLANG_WARN_ENUM_CONVERSION = YES;
				CLANG_WARN_INT_CONVERSION = YES;
				CLANG_WARN_OBJC_ROOT_CLASS = YES_ERROR;
				CLANG_WARN_UNREACHABLE_CODE = YES;
				CLANG_WARN__DUPLICATE_METHOD_MATCH = YES;
				COPY_PHASE_STRIP = NO;
				DEBUG_INFORMATION_FORMAT = dwarf;
				ENABLE_STRICT_OBJC_MSGSEND = YES;
				GCC_C_LANGUAGE_STANDARD = gnu99;
				GCC_DYNAMIC_NO_PIC = NO;
				GCC_NO_COMMON_BLOCKS = YES;
				GCC_OPTIMIZATION_LEVEL = 0;
				GCC_PREPROCESSOR_DEFINITIONS = (
					"DEBUG=1",
					"$(inherited)",
				);
				GCC_SYMBOLS_PRIVATE_EXTERN = NO;
				GCC_WARN_64_TO_32_BIT_CONVERSION = YES;
				GCC_WARN_ABOUT_RETURN_TYPE = YES_ERROR;
				GCC_WARN_UNDECLARED_SELECTOR = YES;
				GCC_WARN_UNINITIALIZED_AUTOS = YES_AGGRESSIVE;
				GCC_WARN_UNUSED_FUNCTION = YES;
				GCC_WARN_UNUSED_VARIABLE = YES;
				MACOSX_DEPLOYMENT_TARGET = 10.10;
				MTL_ENABLE_DEBUG_INFO = YES;
				ONLY_ACTIVE_ARCH = YES;
				SDKROOT = macosx;
			};
			name = Debug;
		};
		0D23ADF41B704C22009BF1C0 /* Release */ = {
			isa = XCBuildConfiguration;
			buildSettings = {
				ALWAYS_SEARCH_USER_PATHS = NO;
				CLANG_CXX_LANGUAGE_STANDARD = "gnu++0x";
				CLANG_CXX_LIBRARY = "libc++";
				CLANG_ENABLE_MODULES = YES;
				CLANG_ENABLE_OBJC_ARC = YES;
				CLANG_WARN_BOOL_CONVERSION = YES;
				CLANG_WARN_CONSTANT_CONVERSION = YES;
				CLANG_WARN_DIRECT_OBJC_ISA_USAGE = YES_ERROR;
				CLANG_WARN_EMPTY_BODY = YES;
				CLANG_WARN_ENUM_CONVERSION = YES;
				CLANG_WARN_INT_CONVERSION = YES;
				CLANG_WARN_OBJC_ROOT_CLASS = YES_ERROR;
				CLANG_WARN_UNREACHABLE_CODE = YES;
				CLANG_WARN__DUPLICATE_METHOD_MATCH = YES;
				COPY_PHASE_STRIP = NO;
				DEBUG_INFORMATION_FORMAT = "dwarf-with-dsym";
				ENABLE_NS_ASSERTIONS = NO;
				ENABLE_STRICT_OBJC_MSGSEND = YES;
				GCC_C_LANGUAGE_STANDARD = gnu99;
				GCC_NO_COMMON_BLOCKS = YES;
				GCC_WARN_64_TO_32_BIT_CONVERSION = YES;
				GCC_WARN_ABOUT_RETURN_TYPE = YES_ERROR;
				GCC_WARN_UNDECLARED_SELECTOR = YES;
				GCC_WARN_UNINITIALIZED_AUTOS = YES_AGGRESSIVE;
				GCC_WARN_UNUSED_FUNCTION = YES;
				GCC_WARN_UNUSED_VARIABLE = YES;
				MACOSX_DEPLOYMENT_TARGET = 10.10;
				MTL_ENABLE_DEBUG_INFO = NO;
				SDKROOT = macosx;
			};
			name = Release;
		};
		0D23ADF61B704C22009BF1C0 /* Debug */ = {
			isa = XCBuildConfiguration;
			buildSettings = {
				PRODUCT_NAME = "$(TARGET_NAME)";
			};
			name = Debug;
		};
		0D23ADF71B704C22009BF1C0 /* Release */ = {
			isa = XCBuildConfiguration;
			buildSettings = {
				PRODUCT_NAME = "$(TARGET_NAME)";
			};
			name = Release;
		};
/* End XCBuildConfiguration section */

/* Begin XCConfigurationList section */
		0D23ADE91B704C22009BF1C0 /* Build configuration list for PBXProject "Hw4" */ = {
			isa = XCConfigurationList;
			buildConfigurations = (
				0D23ADF31B704C22009BF1C0 /* Debug */,
				0D23ADF41B704C22009BF1C0 /* Release */,
			);
			defaultConfigurationIsVisible = 0;
			defaultConfigurationName = Release;
		};
		0D23ADF51B704C22009BF1C0 /* Build configuration list for PBXNativeTarget "Hw4" */ = {
			isa = XCConfigurationList;
			buildConfigurations = (
				0D23ADF61B704C22009BF1C0 /* Debug */,
				0D23ADF71B704C22009BF1C0 /* Release */,
			);
			defaultConfigurationIsVisible = 0;
		};
/* End XCConfigurationList section */
	};
	rootObject = 0D23ADE61B704C22009BF1C0 /* Project object */;
}
